
Microsoft Visual Studio Solution File, Format Version 12.00
# Visual Studio Version 17
VisualStudioVersion = 17.0.31903.59
MinimumVisualStudioVersion = 10.0.40219.1
Project("{FAE04EC0-301F-11D3-BF4B-00C04F79EFBC}") = "HobbyTracker.Tests", "HobbyTracker.Tests\HobbyTracker.Tests.csproj", "{9AA32905-5D78-43F8-9866-D0AB1DF9C5B7}"
EndProject
Project("{FAE04EC0-301F-11D3-BF4B-00C04F79EFBC}") = "HobbyTracker", "HobbyTracker\HobbyTracker.csproj", "{67CA6346-A1A4-4F57-A383-BCAAF68D4878}"
EndProject
Global
	GlobalSection(SolutionConfigurationPlatforms) = preSolution
		Debug|Any CPU = Debug|Any CPU
		Release|Any CPU = Release|Any CPU
	EndGlobalSection
	GlobalSection(SolutionProperties) = preSolution
		HideSolutionNode = FALSE
	EndGlobalSection
	GlobalSection(ProjectConfigurationPlatforms) = postSolution
		{9AA32905-5D78-43F8-9866-D0AB1DF9C5B7}.Debug|Any CPU.ActiveCfg = Debug|Any CPU
		{9AA32905-5D78-43F8-9866-D0AB1DF9C5B7}.Debug|Any CPU.Build.0 = Debug|Any CPU
		{9AA32905-5D78-43F8-9866-D0AB1DF9C5B7}.Release|Any CPU.ActiveCfg = Release|Any CPU
		{9AA32905-5D78-43F8-9866-D0AB1DF9C5B7}.Release|Any CPU.Build.0 = Release|Any CPU
		{67CA6346-A1A4-4F57-A383-BCAAF68D4878}.Debug|Any CPU.ActiveCfg = Debug|Any CPU
		{67CA6346-A1A4-4F57-A383-BCAAF68D4878}.Debug|Any CPU.Build.0 = Debug|Any CPU
		{67CA6346-A1A4-4F57-A383-BCAAF68D4878}.Release|Any CPU.ActiveCfg = Release|Any CPU
		{67CA6346-A1A4-4F57-A383-BCAAF68D4878}.Release|Any CPU.Build.0 = Release|Any CPU
	EndGlobalSection
EndGlobal
